
Microsoft Visual Studio Solution File, Format Version 12.00
# Visual Studio Version 16
VisualStudioVersion = 16.0.32228.343
MinimumVisualStudioVersion = 10.0.40219.1
Project("{FAE04EC0-301F-11D3-BF4B-00C04F79EFBC}") = "XMLComparer", "XMLComparer\XMLComparer.csproj", "{548F7244-4D42-4D4C-ACAD-190A723F2778}"
EndProject
Global
	GlobalSection(SolutionConfigurationPlatforms) = preSolution
		Debug|Any CPU = Debug|Any CPU
		Release|Any CPU = Release|Any CPU
	EndGlobalSection
	GlobalSection(ProjectConfigurationPlatforms) = postSolution
		{548F7244-4D42-4D4C-ACAD-190A723F2778}.Debug|Any CPU.ActiveCfg = Debug|Any CPU
		{548F7244-4D42-4D4C-ACAD-190A723F2778}.Debug|Any CPU.Build.0 = Debug|Any CPU
		{548F7244-4D42-4D4C-ACAD-190A723F2778}.Release|Any CPU.ActiveCfg = Release|Any CPU
		{548F7244-4D42-4D4C-ACAD-190A723F2778}.Release|Any CPU.Build.0 = Release|Any CPU
	EndGlobalSection
	GlobalSection(SolutionProperties) = preSolution
		HideSolutionNode = FALSE
	EndGlobalSection
	GlobalSection(ExtensibilityGlobals) = postSolution
		SolutionGuid = {1F7BB49C-BF68-4D27-8E37-18BCF16CD2E8}
	EndGlobalSection
EndGlobal
